
Microsoft Visual Studio Solution File, Format Version 12.00
# Visual Studio Version 16
VisualStudioVersion = 16.0.30804.86
MinimumVisualStudioVersion = 10.0.40219.1
Project("{9A19103F-16F7-4668-BE54-9A1E7A4F7556}") = "MailDIR", "MailDIR\MailDIR.csproj", "{F215F382-E27A-4731-993A-4A329F09856E}"
EndProject
Project("{9A19103F-16F7-4668-BE54-9A1E7A4F7556}") = "MailDIR.DataAccess", "MailDIR.DataAccess\MailDIR.DataAccess.csproj", "{2DBA60CA-55E9-4A6C-93F3-3E3BFFC15E5E}"
EndProject
Project("{9A19103F-16F7-4668-BE54-9A1E7A4F7556}") = "MailDIR.Repository", "MailDIR.Repository\MailDIR.Repository.csproj", "{5E48C35A-2984-4E47-BD04-69015315B5A0}"
EndProject
Project("{9A19103F-16F7-4668-BE54-9A1E7A4F7556}") = "MailDIR.Services", "MailDIR.Services\MailDIR.Services.csproj", "{95B46948-48DC-4BD6-8AAD-2E30264D92EB}"
EndProject
Global
	GlobalSection(SolutionConfigurationPlatforms) = preSolution
		Debug|Any CPU = Debug|Any CPU
		Release|Any CPU = Release|Any CPU
	EndGlobalSection
	GlobalSection(ProjectConfigurationPlatforms) = postSolution
		{F215F382-E27A-4731-993A-4A329F09856E}.Debug|Any CPU.ActiveCfg = Debug|Any CPU
		{F215F382-E27A-4731-993A-4A329F09856E}.Debug|Any CPU.Build.0 = Debug|Any CPU
		{F215F382-E27A-4731-993A-4A329F09856E}.Release|Any CPU.ActiveCfg = Release|Any CPU
		{F215F382-E27A-4731-993A-4A329F09856E}.Release|Any CPU.Build.0 = Release|Any CPU
		{2DBA60CA-55E9-4A6C-93F3-3E3BFFC15E5E}.Debug|Any CPU.ActiveCfg = Debug|Any CPU
		{2DBA60CA-55E9-4A6C-93F3-3E3BFFC15E5E}.Debug|Any CPU.Build.0 = Debug|Any CPU
		{2DBA60CA-55E9-4A6C-93F3-3E3BFFC15E5E}.Release|Any CPU.ActiveCfg = Release|Any CPU
		{2DBA60CA-55E9-4A6C-93F3-3E3BFFC15E5E}.Release|Any CPU.Build.0 = Release|Any CPU
		{5E48C35A-2984-4E47-BD04-69015315B5A0}.Debug|Any CPU.ActiveCfg = Debug|Any CPU
		{5E48C35A-2984-4E47-BD04-69015315B5A0}.Debug|Any CPU.Build.0 = Debug|Any CPU
		{5E48C35A-2984-4E47-BD04-69015315B5A0}.Release|Any CPU.ActiveCfg = Release|Any CPU
		{5E48C35A-2984-4E47-BD04-69015315B5A0}.Release|Any CPU.Build.0 = Release|Any CPU
		{95B46948-48DC-4BD6-8AAD-2E30264D92EB}.Debug|Any CPU.ActiveCfg = Debug|Any CPU
		{95B46948-48DC-4BD6-8AAD-2E30264D92EB}.Debug|Any CPU.Build.0 = Debug|Any CPU
		{95B46948-48DC-4BD6-8AAD-2E30264D92EB}.Release|Any CPU.ActiveCfg = Release|Any CPU
		{95B46948-48DC-4BD6-8AAD-2E30264D92EB}.Release|Any CPU.Build.0 = Release|Any CPU
	EndGlobalSection
	GlobalSection(SolutionProperties) = preSolution
		HideSolutionNode = FALSE
	EndGlobalSection
	GlobalSection(ExtensibilityGlobals) = postSolution
		SolutionGuid = {E79D7705-4274-4CC0-9903-7646EEC77396}
	EndGlobalSection
EndGlobal
